
Microsoft Visual Studio Solution File, Format Version 12.00
# Visual Studio Version 17
VisualStudioVersion = 17.4.33122.133
MinimumVisualStudioVersion = 10.0.40219.1
Project("{FAE04EC0-301F-11D3-BF4B-00C04F79EFBC}") = "MSIT45Site", "MSIT45Site.csproj", "{E880D44D-7D50-412D-AE53-9746DF6DC2AF}"
EndProject
Global
	GlobalSection(SolutionConfigurationPlatforms) = preSolution
		Debug|Any CPU = Debug|Any CPU
		Release|Any CPU = Release|Any CPU
	EndGlobalSection
	GlobalSection(ProjectConfigurationPlatforms) = postSolution
		{E880D44D-7D50-412D-AE53-9746DF6DC2AF}.Debug|Any CPU.ActiveCfg = Debug|Any CPU
		{E880D44D-7D50-412D-AE53-9746DF6DC2AF}.Debug|Any CPU.Build.0 = Debug|Any CPU
		{E880D44D-7D50-412D-AE53-9746DF6DC2AF}.Release|Any CPU.ActiveCfg = Release|Any CPU
		{E880D44D-7D50-412D-AE53-9746DF6DC2AF}.Release|Any CPU.Build.0 = Release|Any CPU
	EndGlobalSection
	GlobalSection(SolutionProperties) = preSolution
		HideSolutionNode = FALSE
	EndGlobalSection
	GlobalSection(ExtensibilityGlobals) = postSolution
		SolutionGuid = {F973A16D-6C2A-4445-A882-C23BA8C67957}
	EndGlobalSection
EndGlobal
